
Microsoft Visual Studio Solution File, Format Version 12.00
# Visual Studio Version 16
VisualStudioVersion = 16.0.31702.278
MinimumVisualStudioVersion = 10.0.40219.1
Project("{FAE04EC0-301F-11D3-BF4B-00C04F79EFBC}") = "Module 1_Exercise 14_1", "Module 1_Exercise 14_1\Module 1_Exercise 14_1.csproj", "{2F4A0843-1AAC-428C-BF00-0DFE2C351CC4}"
EndProject
Global
	GlobalSection(SolutionConfigurationPlatforms) = preSolution
		Debug|Any CPU = Debug|Any CPU
		Release|Any CPU = Release|Any CPU
	EndGlobalSection
	GlobalSection(ProjectConfigurationPlatforms) = postSolution
		{2F4A0843-1AAC-428C-BF00-0DFE2C351CC4}.Debug|Any CPU.ActiveCfg = Debug|Any CPU
		{2F4A0843-1AAC-428C-BF00-0DFE2C351CC4}.Debug|Any CPU.Build.0 = Debug|Any CPU
		{2F4A0843-1AAC-428C-BF00-0DFE2C351CC4}.Release|Any CPU.ActiveCfg = Release|Any CPU
		{2F4A0843-1AAC-428C-BF00-0DFE2C351CC4}.Release|Any CPU.Build.0 = Release|Any CPU
	EndGlobalSection
	GlobalSection(SolutionProperties) = preSolution
		HideSolutionNode = FALSE
	EndGlobalSection
	GlobalSection(ExtensibilityGlobals) = postSolution
		SolutionGuid = {67C38FE5-D00A-4BF3-A872-905B89871B9C}
	EndGlobalSection
EndGlobal
